
Microsoft Visual Studio Solution File, Format Version 12.00
# Visual Studio Version 17
VisualStudioVersion = 17.2.32516.85
MinimumVisualStudioVersion = 10.0.40219.1
Project("{FAE04EC0-301F-11D3-BF4B-00C04F79EFBC}") = "OriginalMemo", "OriginalMemo.csproj", "{CA782364-49EB-4D35-A56D-FAB77644F82B}"
EndProject
Global
	GlobalSection(SolutionConfigurationPlatforms) = preSolution
		Debug|Any CPU = Debug|Any CPU
		Release|Any CPU = Release|Any CPU
	EndGlobalSection
	GlobalSection(ProjectConfigurationPlatforms) = postSolution
		{CA782364-49EB-4D35-A56D-FAB77644F82B}.Debug|Any CPU.ActiveCfg = Debug|Any CPU
		{CA782364-49EB-4D35-A56D-FAB77644F82B}.Debug|Any CPU.Build.0 = Debug|Any CPU
		{CA782364-49EB-4D35-A56D-FAB77644F82B}.Release|Any CPU.ActiveCfg = Release|Any CPU
		{CA782364-49EB-4D35-A56D-FAB77644F82B}.Release|Any CPU.Build.0 = Release|Any CPU
	EndGlobalSection
	GlobalSection(SolutionProperties) = preSolution
		HideSolutionNode = FALSE
	EndGlobalSection
	GlobalSection(ExtensibilityGlobals) = postSolution
		SolutionGuid = {0ED9EE23-2C46-4908-B9C8-D0D8A04DB993}
	EndGlobalSection
EndGlobal
