
Microsoft Visual Studio Solution File, Format Version 12.00
# Visual Studio Version 17
VisualStudioVersion = 17.2.32516.85
MinimumVisualStudioVersion = 10.0.40219.1
Project("{FAE04EC0-301F-11D3-BF4B-00C04F79EFBC}") = "UpgradeMemo", "UpgradeMemo.csproj", "{6EEDDA85-0352-45FE-B0FF-B1B33AD69215}"
EndProject
Global
	GlobalSection(SolutionConfigurationPlatforms) = preSolution
		Debug|Any CPU = Debug|Any CPU
		Release|Any CPU = Release|Any CPU
	EndGlobalSection
	GlobalSection(ProjectConfigurationPlatforms) = postSolution
		{6EEDDA85-0352-45FE-B0FF-B1B33AD69215}.Debug|Any CPU.ActiveCfg = Debug|Any CPU
		{6EEDDA85-0352-45FE-B0FF-B1B33AD69215}.Debug|Any CPU.Build.0 = Debug|Any CPU
		{6EEDDA85-0352-45FE-B0FF-B1B33AD69215}.Release|Any CPU.ActiveCfg = Release|Any CPU
		{6EEDDA85-0352-45FE-B0FF-B1B33AD69215}.Release|Any CPU.Build.0 = Release|Any CPU
	EndGlobalSection
	GlobalSection(SolutionProperties) = preSolution
		HideSolutionNode = FALSE
	EndGlobalSection
	GlobalSection(ExtensibilityGlobals) = postSolution
		SolutionGuid = {B88564B4-0527-4D1A-B716-7F5467931E4E}
	EndGlobalSection
EndGlobal
